// !$*UTF8*$!
{
	archiveVersion = 1;
	classes = {
	};
	objectVersion = 46;
	objects = {

/* Begin PBXBuildFile section */
		21027ADC17142740008A433F /* ViewUtility.m in Sources */ = {isa = PBXBuildFile; fileRef = 21027ADB17142740008A433F /* ViewUtility.m */; };
		210920EC171122B7002EBB93 /* cocoa.coffee in Resources */ = {isa = PBXBuildFile; fileRef = 210920E4171122B7002EBB93 /* cocoa.coffee */; };
		210920F1171122DA002EBB93 /* libCoffeeCocoa.a in Frameworks */ = {isa = PBXBuildFile; fileRef = 210920F0171122DA002EBB93 /* libCoffeeCocoa.a */; };
		210920F317112438002EBB93 /* WebKit.framework in Frameworks */ = {isa = PBXBuildFile; fileRef = 210920F217112438002EBB93 /* WebKit.framework */; };
		210920F817112B11002EBB93 /* NyaruDB.coffee in Resources */ = {isa = PBXBuildFile; fileRef = 210920F717112B11002EBB93 /* NyaruDB.coffee */; };
		211A7F011702C7CC00275AEF /* Cocoa.framework in Frameworks */ = {isa = PBXBuildFile; fileRef = 211A7F001702C7CC00275AEF /* Cocoa.framework */; };
		211A7F0B1702C7CC00275AEF /* InfoPlist.strings in Resources */ = {isa = PBXBuildFile; fileRef = 211A7F091702C7CC00275AEF /* InfoPlist.strings */; };
		211A7F0D1702C7CC00275AEF /* main.m in Sources */ = {isa = PBXBuildFile; fileRef = 211A7F0C1702C7CC00275AEF /* main.m */; };
		211A7F111702C7CC00275AEF /* Credits.rtf in Resources */ = {isa = PBXBuildFile; fileRef = 211A7F0F1702C7CC00275AEF /* Credits.rtf */; };
		211A7F141702C7CC00275AEF /* NyaruControlAppDelegate.m in Sources */ = {isa = PBXBuildFile; fileRef = 211A7F131702C7CC00275AEF /* NyaruControlAppDelegate.m */; };
		211A7F171702C7CD00275AEF /* MainMenu.xib in Resources */ = {isa = PBXBuildFile; fileRef = 211A7F151702C7CD00275AEF /* MainMenu.xib */; };
		211A7F1F1702C7CD00275AEF /* SenTestingKit.framework in Frameworks */ = {isa = PBXBuildFile; fileRef = 211A7F1E1702C7CD00275AEF /* SenTestingKit.framework */; };
		211A7F201702C7CD00275AEF /* Cocoa.framework in Frameworks */ = {isa = PBXBuildFile; fileRef = 211A7F001702C7CC00275AEF /* Cocoa.framework */; };
		211A7F281702C7CD00275AEF /* InfoPlist.strings in Resources */ = {isa = PBXBuildFile; fileRef = 211A7F261702C7CD00275AEF /* InfoPlist.strings */; };
		211A7F2B1702C7CD00275AEF /* NyaruDBControlTests.m in Sources */ = {isa = PBXBuildFile; fileRef = 211A7F2A1702C7CD00275AEF /* NyaruDBControlTests.m */; };
		21552D6C1703087300616FDA /* libNyaruDB-OSX.a in Frameworks */ = {isa = PBXBuildFile; fileRef = 21552D6B1703087300616FDA /* libNyaruDB-OSX.a */; };
		2171910F1716545700519232 /* bootstrap.coffee in Resources */ = {isa = PBXBuildFile; fileRef = 2171910E1716545700519232 /* bootstrap.coffee */; };
		218094C11713D13D006D9C5C /* QuerySplitView.m in Sources */ = {isa = PBXBuildFile; fileRef = 218094C01713D13D006D9C5C /* QuerySplitView.m */; };
		218179651715BC3B003B7E47 /* NyaruDB-Control.coffee in Resources */ = {isa = PBXBuildFile; fileRef = 218179641715BC3B003B7E47 /* NyaruDB-Control.coffee */; };
		218B61DD1712799100669753 /* QueryPrefix.coffee in Resources */ = {isa = PBXBuildFile; fileRef = 218B61DC1712799100669753 /* QueryPrefix.coffee */; };
		218C40D917636918009EE3B0 /* coffee-script.min.js in Resources */ = {isa = PBXBuildFile; fileRef = 218C40D5176368F0009EE3B0 /* coffee-script.min.js */; };
		218C40DA17636918009EE3B0 /* jquery.min.js in Resources */ = {isa = PBXBuildFile; fileRef = 218C40D6176368F0009EE3B0 /* jquery.min.js */; };
		21DF5C9217058FED007565DF /* MainWindow.xib in Resources */ = {isa = PBXBuildFile; fileRef = 21DF5C9017058FED007565DF /* MainWindow.xib */; };
		21DF5C9617059212007565DF /* MainWindowController.m in Sources */ = {isa = PBXBuildFile; fileRef = 21DF5C9517059212007565DF /* MainWindowController.m */; };
/* End PBXBuildFile section */

/* Begin PBXContainerItemProxy section */
		211A7F211702C7CD00275AEF /* PBXContainerItemProxy */ = {
			isa = PBXContainerItemProxy;
			containerPortal = 211A7EF51702C7CC00275AEF /* Project object */;
			proxyType = 1;
			remoteGlobalIDString = 211A7EFC1702C7CC00275AEF;
			remoteInfo = NyaruDBControl;
		};
/* End PBXContainerItemProxy section */

/* Begin PBXFileReference section */
		21027ADA17142740008A433F /* ViewUtility.h */ = {isa = PBXFileReference; fileEncoding = 4; lastKnownFileType = sourcecode.c.h; name = ViewUtility.h; path = Utilities/ViewUtility.h; sourceTree = "<group>"; };
		21027ADB17142740008A433F /* ViewUtility.m */ = {isa = PBXFileReference; fileEncoding = 4; lastKnownFileType = sourcecode.c.objc; name = ViewUtility.m; path = Utilities/ViewUtility.m; sourceTree = "<group>"; };
		210920E4171122B7002EBB93 /* cocoa.coffee */ = {isa = PBXFileReference; fileEncoding = 4; lastKnownFileType = text; path = cocoa.coffee; sourceTree = "<group>"; };
		210920F0171122DA002EBB93 /* libCoffeeCocoa.a */ = {isa = PBXFileReference; lastKnownFileType = archive.ar; name = libCoffeeCocoa.a; path = ../CoffeeCocoa/CoffeeCocoa/build/Release/libCoffeeCocoa.a; sourceTree = "<group>"; };
		210920F217112438002EBB93 /* WebKit.framework */ = {isa = PBXFileReference; lastKnownFileType = wrapper.framework; name = WebKit.framework; path = System/Library/Frameworks/WebKit.framework; sourceTree = SDKROOT; };
		210920F717112B11002EBB93 /* NyaruDB.coffee */ = {isa = PBXFileReference; fileEncoding = 4; lastKnownFileType = text; path = NyaruDB.coffee; sourceTree = "<group>"; };
		211A7EFD1702C7CC00275AEF /* NyaruDBControl.app */ = {isa = PBXFileReference; explicitFileType = wrapper.application; includeInIndex = 0; path = NyaruDBControl.app; sourceTree = BUILT_PRODUCTS_DIR; };
		211A7F001702C7CC00275AEF /* Cocoa.framework */ = {isa = PBXFileReference; lastKnownFileType = wrapper.framework; name = Cocoa.framework; path = System/Library/Frameworks/Cocoa.framework; sourceTree = SDKROOT; };
		211A7F031702C7CC00275AEF /* AppKit.framework */ = {isa = PBXFileReference; lastKnownFileType = wrapper.framework; name = AppKit.framework; path = System/Library/Frameworks/AppKit.framework; sourceTree = SDKROOT; };
		211A7F041702C7CC00275AEF /* CoreData.framework */ = {isa = PBXFileReference; lastKnownFileType = wrapper.framework; name = CoreData.framework; path = System/Library/Frameworks/CoreData.framework; sourceTree = SDKROOT; };
		211A7F051702C7CC00275AEF /* Foundation.framework */ = {isa = PBXFileReference; lastKnownFileType = wrapper.framework; name = Foundation.framework; path = System/Library/Frameworks/Foundation.framework; sourceTree = SDKROOT; };
		211A7F081702C7CC00275AEF /* NyaruDBControl-Info.plist */ = {isa = PBXFileReference; lastKnownFileType = text.plist.xml; path = "NyaruDBControl-Info.plist"; sourceTree = "<group>"; };
		211A7F0A1702C7CC00275AEF /* en */ = {isa = PBXFileReference; lastKnownFileType = text.plist.strings; name = en; path = en.lproj/InfoPlist.strings; sourceTree = "<group>"; };
		211A7F0C1702C7CC00275AEF /* main.m */ = {isa = PBXFileReference; lastKnownFileType = sourcecode.c.objc; path = main.m; sourceTree = "<group>"; };
		211A7F0E1702C7CC00275AEF /* NyaruDBControl-Prefix.pch */ = {isa = PBXFileReference; lastKnownFileType = sourcecode.c.h; path = "NyaruDBControl-Prefix.pch"; sourceTree = "<group>"; };
		211A7F101702C7CC00275AEF /* en */ = {isa = PBXFileReference; lastKnownFileType = text.rtf; name = en; path = en.lproj/Credits.rtf; sourceTree = "<group>"; };
		211A7F121702C7CC00275AEF /* NyaruControlAppDelegate.h */ = {isa = PBXFileReference; lastKnownFileType = sourcecode.c.h; path = NyaruControlAppDelegate.h; sourceTree = "<group>"; };
		211A7F131702C7CC00275AEF /* NyaruControlAppDelegate.m */ = {isa = PBXFileReference; lastKnownFileType = sourcecode.c.objc; path = NyaruControlAppDelegate.m; sourceTree = "<group>"; };
		211A7F161702C7CD00275AEF /* en */ = {isa = PBXFileReference; lastKnownFileType = file.xib; name = en; path = en.lproj/MainMenu.xib; sourceTree = "<group>"; };
		211A7F1D1702C7CD00275AEF /* NyaruDBControlTests.octest */ = {isa = PBXFileReference; explicitFileType = wrapper.cfbundle; includeInIndex = 0; path = NyaruDBControlTests.octest; sourceTree = BUILT_PRODUCTS_DIR; };
		211A7F1E1702C7CD00275AEF /* SenTestingKit.framework */ = {isa = PBXFileReference; lastKnownFileType = wrapper.framework; name = SenTestingKit.framework; path = Library/Frameworks/SenTestingKit.framework; sourceTree = DEVELOPER_DIR; };
		211A7F251702C7CD00275AEF /* NyaruDBControlTests-Info.plist */ = {isa = PBXFileReference; lastKnownFileType = text.plist.xml; path = "NyaruDBControlTests-Info.plist"; sourceTree = "<group>"; };
		211A7F271702C7CD00275AEF /* en */ = {isa = PBXFileReference; lastKnownFileType = text.plist.strings; name = en; path = en.lproj/InfoPlist.strings; sourceTree = "<group>"; };
		211A7F291702C7CD00275AEF /* NyaruDBControlTests.h */ = {isa = PBXFileReference; lastKnownFileType = sourcecode.c.h; path = NyaruDBControlTests.h; sourceTree = "<group>"; };
		211A7F2A1702C7CD00275AEF /* NyaruDBControlTests.m */ = {isa = PBXFileReference; lastKnownFileType = sourcecode.c.objc; path = NyaruDBControlTests.m; sourceTree = "<group>"; };
		21552D6B1703087300616FDA /* libNyaruDB-OSX.a */ = {isa = PBXFileReference; lastKnownFileType = archive.ar; name = "libNyaruDB-OSX.a"; path = "../NyaruDB/NyaruDB-OSX/build/Release/libNyaruDB-OSX.a"; sourceTree = "<group>"; };
		2171910E1716545700519232 /* bootstrap.coffee */ = {isa = PBXFileReference; fileEncoding = 4; lastKnownFileType = text; path = bootstrap.coffee; sourceTree = "<group>"; };
		218094BF1713D13D006D9C5C /* QuerySplitView.h */ = {isa = PBXFileReference; fileEncoding = 4; lastKnownFileType = sourcecode.c.h; path = QuerySplitView.h; sourceTree = "<group>"; };
		218094C01713D13D006D9C5C /* QuerySplitView.m */ = {isa = PBXFileReference; fileEncoding = 4; lastKnownFileType = sourcecode.c.objc; path = QuerySplitView.m; sourceTree = "<group>"; };
		218179641715BC3B003B7E47 /* NyaruDB-Control.coffee */ = {isa = PBXFileReference; fileEncoding = 4; lastKnownFileType = text; path = "NyaruDB-Control.coffee"; sourceTree = "<group>"; };
		218B61DC1712799100669753 /* QueryPrefix.coffee */ = {isa = PBXFileReference; fileEncoding = 4; lastKnownFileType = text; path = QueryPrefix.coffee; sourceTree = "<group>"; };
		218C40D5176368F0009EE3B0 /* coffee-script.min.js */ = {isa = PBXFileReference; fileEncoding = 4; lastKnownFileType = sourcecode.javascript; path = "coffee-script.min.js"; sourceTree = "<group>"; };
		218C40D6176368F0009EE3B0 /* jquery.min.js */ = {isa = PBXFileReference; fileEncoding = 4; lastKnownFileType = sourcecode.javascript; path = jquery.min.js; sourceTree = "<group>"; };
		21DF5C9117058FED007565DF /* en */ = {isa = PBXFileReference; lastKnownFileType = file.xib; name = en; path = en.lproj/MainWindow.xib; sourceTree = "<group>"; };
		21DF5C9417059211007565DF /* MainWindowController.h */ = {isa = PBXFileReference; fileEncoding = 4; lastKnownFileType = sourcecode.c.h; path = MainWindowController.h; sourceTree = "<group>"; };
		21DF5C9517059212007565DF /* MainWindowController.m */ = {isa = PBXFileReference; fileEncoding = 4; lastKnownFileType = sourcecode.c.objc; path = MainWindowController.m; sourceTree = "<group>"; };
/* End PBXFileReference section */

/* Begin PBXFrameworksBuildPhase section */
		211A7EFA1702C7CC00275AEF /* Frameworks */ = {
			isa = PBXFrameworksBuildPhase;
			buildActionMask = 2147483647;
			files = (
				210920F317112438002EBB93 /* WebKit.framework in Frameworks */,
				210920F1171122DA002EBB93 /* libCoffeeCocoa.a in Frameworks */,
				21552D6C1703087300616FDA /* libNyaruDB-OSX.a in Frameworks */,
				211A7F011702C7CC00275AEF /* Cocoa.framework in Frameworks */,
			);
			runOnlyForDeploymentPostprocessing = 0;
		};
		211A7F191702C7CD00275AEF /* Frameworks */ = {
			isa = PBXFrameworksBuildPhase;
			buildActionMask = 2147483647;
			files = (
				211A7F1F1702C7CD00275AEF /* SenTestingKit.framework in Frameworks */,
				211A7F201702C7CD00275AEF /* Cocoa.framework in Frameworks */,
			);
			runOnlyForDeploymentPostprocessing = 0;
		};
/* End PBXFrameworksBuildPhase section */

/* Begin PBXGroup section */
		21027AD9171426E6008A433F /* Utilities */ = {
			isa = PBXGroup;
			children = (
				21027ADA17142740008A433F /* ViewUtility.h */,
				21027ADB17142740008A433F /* ViewUtility.m */,
			);
			name = Utilities;
			sourceTree = "<group>";
		};
		210920E3171122A8002EBB93 /* CoffeeCocoa */ = {
			isa = PBXGroup;
			children = (
				210920F0171122DA002EBB93 /* libCoffeeCocoa.a */,
				210920E9171122B7002EBB93 /* Resources */,
			);
			name = CoffeeCocoa;
			sourceTree = "<group>";
		};
		210920E5171122B7002EBB93 /* CoffeeScript */ = {
			isa = PBXGroup;
			children = (
				210920E4171122B7002EBB93 /* cocoa.coffee */,
			);
			path = CoffeeScript;
			sourceTree = "<group>";
		};
		210920E9171122B7002EBB93 /* Resources */ = {
			isa = PBXGroup;
			children = (
				210920E5171122B7002EBB93 /* CoffeeScript */,
				218C40D4176368F0009EE3B0 /* JavaScript */,
			);
			name = Resources;
			path = ../CoffeeCocoa/CoffeeCocoa/CoffeeCocoa;
			sourceTree = "<group>";
		};
		210920F617112B11002EBB93 /* Resources */ = {
			isa = PBXGroup;
			children = (
				210920F717112B11002EBB93 /* NyaruDB.coffee */,
				218179641715BC3B003B7E47 /* NyaruDB-Control.coffee */,
				218B61DC1712799100669753 /* QueryPrefix.coffee */,
				2171910E1716545700519232 /* bootstrap.coffee */,
			);
			path = Resources;
			sourceTree = "<group>";
		};
		211A7EF41702C7CC00275AEF = {
			isa = PBXGroup;
			children = (
				211A7F061702C7CC00275AEF /* NyaruDBControl */,
				211A7F231702C7CD00275AEF /* NyaruDBControlTests */,
				211A7EFF1702C7CC00275AEF /* Frameworks */,
				211A7EFE1702C7CC00275AEF /* Products */,
			);
			sourceTree = "<group>";
		};
		211A7EFE1702C7CC00275AEF /* Products */ = {
			isa = PBXGroup;
			children = (
				211A7EFD1702C7CC00275AEF /* NyaruDBControl.app */,
				211A7F1D1702C7CD00275AEF /* NyaruDBControlTests.octest */,
			);
			name = Products;
			sourceTree = "<group>";
		};
		211A7EFF1702C7CC00275AEF /* Frameworks */ = {
			isa = PBXGroup;
			children = (
				210920E3171122A8002EBB93 /* CoffeeCocoa */,
				21552D6B1703087300616FDA /* libNyaruDB-OSX.a */,
				210920F217112438002EBB93 /* WebKit.framework */,
				211A7F001702C7CC00275AEF /* Cocoa.framework */,
				211A7F1E1702C7CD00275AEF /* SenTestingKit.framework */,
				211A7F021702C7CC00275AEF /* Other Frameworks */,
			);
			name = Frameworks;
			sourceTree = "<group>";
		};
		211A7F021702C7CC00275AEF /* Other Frameworks */ = {
			isa = PBXGroup;
			children = (
				211A7F031702C7CC00275AEF /* AppKit.framework */,
				211A7F041702C7CC00275AEF /* CoreData.framework */,
				211A7F051702C7CC00275AEF /* Foundation.framework */,
			);
			name = "Other Frameworks";
			sourceTree = "<group>";
		};
		211A7F061702C7CC00275AEF /* NyaruDBControl */ = {
			isa = PBXGroup;
			children = (
				211A7F121702C7CC00275AEF /* NyaruControlAppDelegate.h */,
				211A7F131702C7CC00275AEF /* NyaruControlAppDelegate.m */,
				21DF5C9417059211007565DF /* MainWindowController.h */,
				21DF5C9517059212007565DF /* MainWindowController.m */,
				218094BF1713D13D006D9C5C /* QuerySplitView.h */,
				218094C01713D13D006D9C5C /* QuerySplitView.m */,
				21DF5C9317058FF3007565DF /* Views */,
				210920F617112B11002EBB93 /* Resources */,
				21027AD9171426E6008A433F /* Utilities */,
				211A7F071702C7CC00275AEF /* Supporting Files */,
			);
			path = NyaruDBControl;
			sourceTree = "<group>";
		};
		211A7F071702C7CC00275AEF /* Supporting Files */ = {
			isa = PBXGroup;
			children = (
				211A7F081702C7CC00275AEF /* NyaruDBControl-Info.plist */,
				211A7F091702C7CC00275AEF /* InfoPlist.strings */,
				211A7F0C1702C7CC00275AEF /* main.m */,
				211A7F0E1702C7CC00275AEF /* NyaruDBControl-Prefix.pch */,
				211A7F0F1702C7CC00275AEF /* Credits.rtf */,
			);
			name = "Supporting Files";
			sourceTree = "<group>";
		};
		211A7F231702C7CD00275AEF /* NyaruDBControlTests */ = {
			isa = PBXGroup;
			children = (
				211A7F291702C7CD00275AEF /* NyaruDBControlTests.h */,
				211A7F2A1702C7CD00275AEF /* NyaruDBControlTests.m */,
				211A7F241702C7CD00275AEF /* Supporting Files */,
			);
			path = NyaruDBControlTests;
			sourceTree = "<group>";
		};
		211A7F241702C7CD00275AEF /* Supporting Files */ = {
			isa = PBXGroup;
			children = (
				211A7F251702C7CD00275AEF /* NyaruDBControlTests-Info.plist */,
				211A7F261702C7CD00275AEF /* InfoPlist.strings */,
			);
			name = "Supporting Files";
			sourceTree = "<group>";
		};
		218C40D4176368F0009EE3B0 /* JavaScript */ = {
			isa = PBXGroup;
			children = (
				218C40D5176368F0009EE3B0 /* coffee-script.min.js */,
				218C40D6176368F0009EE3B0 /* jquery.min.js */,
			);
			path = JavaScript;
			sourceTree = "<group>";
		};
		21DF5C9317058FF3007565DF /* Views */ = {
			isa = PBXGroup;
			children = (
				211A7F151702C7CD00275AEF /* MainMenu.xib */,
				21DF5C9017058FED007565DF /* MainWindow.xib */,
			);
			name = Views;
			sourceTree = "<group>";
		};
/* End PBXGroup section */

/* Begin PBXNativeTarget section */
		211A7EFC1702C7CC00275AEF /* NyaruDBControl */ = {
			isa = PBXNativeTarget;
			buildConfigurationList = 211A7F2E1702C7CD00275AEF /* Build configuration list for PBXNativeTarget "NyaruDBControl" */;
			buildPhases = (
				211A7EF91702C7CC00275AEF /* Sources */,
				211A7EFA1702C7CC00275AEF /* Frameworks */,
				211A7EFB1702C7CC00275AEF /* Resources */,
			);
			buildRules = (
			);
			dependencies = (
			);
			name = NyaruDBControl;
			productName = NyaruDBControl;
			productReference = 211A7EFD1702C7CC00275AEF /* NyaruDBControl.app */;
			productType = "com.apple.product-type.application";
		};
		211A7F1C1702C7CD00275AEF /* NyaruDBControlTests */ = {
			isa = PBXNativeTarget;
			buildConfigurationList = 211A7F311702C7CD00275AEF /* Build configuration list for PBXNativeTarget "NyaruDBControlTests" */;
			buildPhases = (
				211A7F181702C7CD00275AEF /* Sources */,
				211A7F191702C7CD00275AEF /* Frameworks */,
				211A7F1A1702C7CD00275AEF /* Resources */,
				211A7F1B1702C7CD00275AEF /* ShellScript */,
			);
			buildRules = (
			);
			dependencies = (
				211A7F221702C7CD00275AEF /* PBXTargetDependency */,
			);
			name = NyaruDBControlTests;
			productName = NyaruDBControlTests;
			productReference = 211A7F1D1702C7CD00275AEF /* NyaruDBControlTests.octest */;
			productType = "com.apple.product-type.bundle";
		};
/* End PBXNativeTarget section */

/* Begin PBXProject section */
		211A7EF51702C7CC00275AEF /* Project object */ = {
			isa = PBXProject;
			attributes = {
				CLASSPREFIX = NyaruControl;
				LastUpgradeCheck = 0460;
			};
			buildConfigurationList = 211A7EF81702C7CC00275AEF /* Build configuration list for PBXProject "NyaruDBControl" */;
			compatibilityVersion = "Xcode 3.2";
			developmentRegion = English;
			hasScannedForEncodings = 0;
			knownRegions = (
				en,
			);
			mainGroup = 211A7EF41702C7CC00275AEF;
			productRefGroup = 211A7EFE1702C7CC00275AEF /* Products */;
			projectDirPath = "";
			projectRoot = "";
			targets = (
				211A7EFC1702C7CC00275AEF /* NyaruDBControl */,
				211A7F1C1702C7CD00275AEF /* NyaruDBControlTests */,
			);
		};
/* End PBXProject section */

/* Begin PBXResourcesBuildPhase section */
		211A7EFB1702C7CC00275AEF /* Resources */ = {
			isa = PBXResourcesBuildPhase;
			buildActionMask = 2147483647;
			files = (
				218C40D917636918009EE3B0 /* coffee-script.min.js in Resources */,
				218C40DA17636918009EE3B0 /* jquery.min.js in Resources */,
				211A7F0B1702C7CC00275AEF /* InfoPlist.strings in Resources */,
				211A7F111702C7CC00275AEF /* Credits.rtf in Resources */,
				211A7F171702C7CD00275AEF /* MainMenu.xib in Resources */,
				21DF5C9217058FED007565DF /* MainWindow.xib in Resources */,
				210920EC171122B7002EBB93 /* cocoa.coffee in Resources */,
				210920F817112B11002EBB93 /* NyaruDB.coffee in Resources */,
				218B61DD1712799100669753 /* QueryPrefix.coffee in Resources */,
				218179651715BC3B003B7E47 /* NyaruDB-Control.coffee in Resources */,
				2171910F1716545700519232 /* bootstrap.coffee in Resources */,
			);
			runOnlyForDeploymentPostprocessing = 0;
		};
		211A7F1A1702C7CD00275AEF /* Resources */ = {
			isa = PBXResourcesBuildPhase;
			buildActionMask = 2147483647;
			files = (
				211A7F281702C7CD00275AEF /* InfoPlist.strings in Resources */,
			);
			runOnlyForDeploymentPostprocessing = 0;
		};
/* End PBXResourcesBuildPhase section */

/* Begin PBXShellScriptBuildPhase section */
		211A7F1B1702C7CD00275AEF /* ShellScript */ = {
			isa = PBXShellScriptBuildPhase;
			buildActionMask = 2147483647;
			files = (
			);
			inputPaths = (
			);
			outputPaths = (
			);
			runOnlyForDeploymentPostprocessing = 0;
			shellPath = /bin/sh;
			shellScript = "# Run the unit tests in this test bundle.\n\"${SYSTEM_DEVELOPER_DIR}/Tools/RunUnitTests\"\n";
		};
/* End PBXShellScriptBuildPhase section */

/* Begin PBXSourcesBuildPhase section */
		211A7EF91702C7CC00275AEF /* Sources */ = {
			isa = PBXSourcesBuildPhase;
			buildActionMask = 2147483647;
			files = (
				211A7F0D1702C7CC00275AEF /* main.m in Sources */,
				211A7F141702C7CC00275AEF /* NyaruControlAppDelegate.m in Sources */,
				21DF5C9617059212007565DF /* MainWindowController.m in Sources */,
				218094C11713D13D006D9C5C /* QuerySplitView.m in Sources */,
				21027ADC17142740008A433F /* ViewUtility.m in Sources */,
			);
			runOnlyForDeploymentPostprocessing = 0;
		};
		211A7F181702C7CD00275AEF /* Sources */ = {
			isa = PBXSourcesBuildPhase;
			buildActionMask = 2147483647;
			files = (
				211A7F2B1702C7CD00275AEF /* NyaruDBControlTests.m in Sources */,
			);
			runOnlyForDeploymentPostprocessing = 0;
		};
/* End PBXSourcesBuildPhase section */

/* Begin PBXTargetDependency section */
		211A7F221702C7CD00275AEF /* PBXTargetDependency */ = {
			isa = PBXTargetDependency;
			target = 211A7EFC1702C7CC00275AEF /* NyaruDBControl */;
			targetProxy = 211A7F211702C7CD00275AEF /* PBXContainerItemProxy */;
		};
/* End PBXTargetDependency section */

/* Begin PBXVariantGroup section */
		211A7F091702C7CC00275AEF /* InfoPlist.strings */ = {
			isa = PBXVariantGroup;
			children = (
				211A7F0A1702C7CC00275AEF /* en */,
			);
			name = InfoPlist.strings;
			sourceTree = "<group>";
		};
		211A7F0F1702C7CC00275AEF /* Credits.rtf */ = {
			isa = PBXVariantGroup;
			children = (
				211A7F101702C7CC00275AEF /* en */,
			);
			name = Credits.rtf;
			sourceTree = "<group>";
		};
		211A7F151702C7CD00275AEF /* MainMenu.xib */ = {
			isa = PBXVariantGroup;
			children = (
				211A7F161702C7CD00275AEF /* en */,
			);
			name = MainMenu.xib;
			sourceTree = "<group>";
		};
		211A7F261702C7CD00275AEF /* InfoPlist.strings */ = {
			isa = PBXVariantGroup;
			children = (
				211A7F271702C7CD00275AEF /* en */,
			);
			name = InfoPlist.strings;
			sourceTree = "<group>";
		};
		21DF5C9017058FED007565DF /* MainWindow.xib */ = {
			isa = PBXVariantGroup;
			children = (
				21DF5C9117058FED007565DF /* en */,
			);
			name = MainWindow.xib;
			sourceTree = "<group>";
		};
/* End PBXVariantGroup section */

/* Begin XCBuildConfiguration section */
		211A7F2C1702C7CD00275AEF /* Debug */ = {
			isa = XCBuildConfiguration;
			buildSettings = {
				ALWAYS_SEARCH_USER_PATHS = NO;
				ARCHS = "$(ARCHS_STANDARD_64_BIT)";
				CLANG_CXX_LANGUAGE_STANDARD = "gnu++0x";
				CLANG_CXX_LIBRARY = "libc++";
				CLANG_ENABLE_OBJC_ARC = YES;
				CLANG_WARN_CONSTANT_CONVERSION = YES;
				CLANG_WARN_EMPTY_BODY = YES;
				CLANG_WARN_ENUM_CONVERSION = YES;
				CLANG_WARN_INT_CONVERSION = YES;
				CLANG_WARN__DUPLICATE_METHOD_MATCH = YES;
				COPY_PHASE_STRIP = NO;
				GCC_C_LANGUAGE_STANDARD = gnu99;
				GCC_DYNAMIC_NO_PIC = NO;
				GCC_ENABLE_OBJC_EXCEPTIONS = YES;
				GCC_OPTIMIZATION_LEVEL = 0;
				GCC_PREPROCESSOR_DEFINITIONS = (
					"DEBUG=1",
					"$(inherited)",
				);
				GCC_SYMBOLS_PRIVATE_EXTERN = NO;
				GCC_WARN_64_TO_32_BIT_CONVERSION = YES;
				GCC_WARN_ABOUT_RETURN_TYPE = YES;
				GCC_WARN_UNINITIALIZED_AUTOS = YES;
				GCC_WARN_UNUSED_VARIABLE = YES;
				MACOSX_DEPLOYMENT_TARGET = 10.8;
				ONLY_ACTIVE_ARCH = YES;
				SDKROOT = macosx;
			};
			name = Debug;
		};
		211A7F2D1702C7CD00275AEF /* Release */ = {
			isa = XCBuildConfiguration;
			buildSettings = {
				ALWAYS_SEARCH_USER_PATHS = NO;
				ARCHS = "$(ARCHS_STANDARD_64_BIT)";
				CLANG_CXX_LANGUAGE_STANDARD = "gnu++0x";
				CLANG_CXX_LIBRARY = "libc++";
				CLANG_ENABLE_OBJC_ARC = YES;
				CLANG_WARN_CONSTANT_CONVERSION = YES;
				CLANG_WARN_EMPTY_BODY = YES;
				CLANG_WARN_ENUM_CONVERSION = YES;
				CLANG_WARN_INT_CONVERSION = YES;
				CLANG_WARN__DUPLICATE_METHOD_MATCH = YES;
				COPY_PHASE_STRIP = YES;
				DEBUG_INFORMATION_FORMAT = "dwarf-with-dsym";
				GCC_C_LANGUAGE_STANDARD = gnu99;
				GCC_ENABLE_OBJC_EXCEPTIONS = YES;
				GCC_WARN_64_TO_32_BIT_CONVERSION = YES;
				GCC_WARN_ABOUT_RETURN_TYPE = YES;
				GCC_WARN_UNINITIALIZED_AUTOS = YES;
				GCC_WARN_UNUSED_VARIABLE = YES;
				MACOSX_DEPLOYMENT_TARGET = 10.8;
				SDKROOT = macosx;
			};
			name = Release;
		};
		211A7F2F1702C7CD00275AEF /* Debug */ = {
			isa = XCBuildConfiguration;
			buildSettings = {
				COMBINE_HIDPI_IMAGES = YES;
				FRAMEWORK_SEARCH_PATHS = "$(inherited)";
				GCC_PRECOMPILE_PREFIX_HEADER = YES;
				GCC_PREFIX_HEADER = "NyaruDBControl/NyaruDBControl-Prefix.pch";
				HEADER_SEARCH_PATHS = (
					"../NyaruDB/NyaruDB/**",
					"../Fragaria/**",
					"../CoffeeCocoa/**",
				);
				INFOPLIST_FILE = "NyaruDBControl/NyaruDBControl-Info.plist";
				PRODUCT_NAME = "$(TARGET_NAME)";
				WRAPPER_EXTENSION = app;
			};
			name = Debug;
		};
		211A7F301702C7CD00275AEF /* Release */ = {
			isa = XCBuildConfiguration;
			buildSettings = {
				COMBINE_HIDPI_IMAGES = YES;
				FRAMEWORK_SEARCH_PATHS = "$(inherited)";
				GCC_PRECOMPILE_PREFIX_HEADER = YES;
				GCC_PREFIX_HEADER = "NyaruDBControl/NyaruDBControl-Prefix.pch";
				HEADER_SEARCH_PATHS = (
					"../NyaruDB/NyaruDB/**",
					"../Fragaria/**",
					"../CoffeeCocoa/**",
				);
				INFOPLIST_FILE = "NyaruDBControl/NyaruDBControl-Info.plist";
				PRODUCT_NAME = "$(TARGET_NAME)";
				WRAPPER_EXTENSION = app;
			};
			name = Release;
		};
		211A7F321702C7CD00275AEF /* Debug */ = {
			isa = XCBuildConfiguration;
			buildSettings = {
				BUNDLE_LOADER = "$(BUILT_PRODUCTS_DIR)/NyaruDBControl.app/Contents/MacOS/NyaruDBControl";
				COMBINE_HIDPI_IMAGES = YES;
				FRAMEWORK_SEARCH_PATHS = "\"$(DEVELOPER_LIBRARY_DIR)/Frameworks\"";
				GCC_PRECOMPILE_PREFIX_HEADER = YES;
				GCC_PREFIX_HEADER = "NyaruDBControl/NyaruDBControl-Prefix.pch";
				INFOPLIST_FILE = "NyaruDBControlTests/NyaruDBControlTests-Info.plist";
				PRODUCT_NAME = "$(TARGET_NAME)";
				TEST_HOST = "$(BUNDLE_LOADER)";
				WRAPPER_EXTENSION = octest;
			};
			name = Debug;
		};
		211A7F331702C7CD00275AEF /* Release */ = {
			isa = XCBuildConfiguration;
			buildSettings = {
				BUNDLE_LOADER = "$(BUILT_PRODUCTS_DIR)/NyaruDBControl.app/Contents/MacOS/NyaruDBControl";
				COMBINE_HIDPI_IMAGES = YES;
				FRAMEWORK_SEARCH_PATHS = "\"$(DEVELOPER_LIBRARY_DIR)/Frameworks\"";
				GCC_PRECOMPILE_PREFIX_HEADER = YES;
				GCC_PREFIX_HEADER = "NyaruDBControl/NyaruDBControl-Prefix.pch";
				INFOPLIST_FILE = "NyaruDBControlTests/NyaruDBControlTests-Info.plist";
				PRODUCT_NAME = "$(TARGET_NAME)";
				TEST_HOST = "$(BUNDLE_LOADER)";
				WRAPPER_EXTENSION = octest;
			};
			name = Release;
		};
/* End XCBuildConfiguration section */

/* Begin XCConfigurationList section */
		211A7EF81702C7CC00275AEF /* Build configuration list for PBXProject "NyaruDBControl" */ = {
			isa = XCConfigurationList;
			buildConfigurations = (
				211A7F2C1702C7CD00275AEF /* Debug */,
				211A7F2D1702C7CD00275AEF /* Release */,
			);
			defaultConfigurationIsVisible = 0;
			defaultConfigurationName = Release;
		};
		211A7F2E1702C7CD00275AEF /* Build configuration list for PBXNativeTarget "NyaruDBControl" */ = {
			isa = XCConfigurationList;
			buildConfigurations = (
				211A7F2F1702C7CD00275AEF /* Debug */,
				211A7F301702C7CD00275AEF /* Release */,
			);
			defaultConfigurationIsVisible = 0;
			defaultConfigurationName = Release;
		};
		211A7F311702C7CD00275AEF /* Build configuration list for PBXNativeTarget "NyaruDBControlTests" */ = {
			isa = XCConfigurationList;
			buildConfigurations = (
				211A7F321702C7CD00275AEF /* Debug */,
				211A7F331702C7CD00275AEF /* Release */,
			);
			defaultConfigurationIsVisible = 0;
			defaultConfigurationName = Release;
		};
/* End XCConfigurationList section */
	};
	rootObject = 211A7EF51702C7CC00275AEF /* Project object */;
}
